
Microsoft Visual Studio Solution File, Format Version 12.00
# Visual Studio Version 17
VisualStudioVersion = 17.11.35327.3
MinimumVisualStudioVersion = 10.0.40219.1
Project("{FAE04EC0-301F-11D3-BF4B-00C04F79EFBC}") = "№1(4) C#", "№1(4) C#\№1(4) C#.csproj", "{6C4A4A74-255C-41EC-83E2-A2318010DFF9}"
EndProject
Global
	GlobalSection(SolutionConfigurationPlatforms) = preSolution
		Debug|Any CPU = Debug|Any CPU
		Release|Any CPU = Release|Any CPU
	EndGlobalSection
	GlobalSection(ProjectConfigurationPlatforms) = postSolution
		{6C4A4A74-255C-41EC-83E2-A2318010DFF9}.Debug|Any CPU.ActiveCfg = Debug|Any CPU
		{6C4A4A74-255C-41EC-83E2-A2318010DFF9}.Debug|Any CPU.Build.0 = Debug|Any CPU
		{6C4A4A74-255C-41EC-83E2-A2318010DFF9}.Release|Any CPU.ActiveCfg = Release|Any CPU
		{6C4A4A74-255C-41EC-83E2-A2318010DFF9}.Release|Any CPU.Build.0 = Release|Any CPU
	EndGlobalSection
	GlobalSection(SolutionProperties) = preSolution
		HideSolutionNode = FALSE
	EndGlobalSection
	GlobalSection(ExtensibilityGlobals) = postSolution
		SolutionGuid = {162C200D-2E32-4587-8FBD-7AE6B083CB5D}
	EndGlobalSection
EndGlobal
